
Microsoft Visual Studio Solution File, Format Version 12.00
# Visual Studio Version 17
VisualStudioVersion = 17.10.34804.81
MinimumVisualStudioVersion = 10.0.40219.1
Project("{FAE04EC0-301F-11D3-BF4B-00C04F79EFBC}") = "TBD-Innovatie", "TBD-Innovatie\TBD-Innovatie.csproj", "{121D35FF-F4C3-49C2-B450-2A11CFA7396E}"
EndProject
Global
	GlobalSection(SolutionConfigurationPlatforms) = preSolution
		Debug|Any CPU = Debug|Any CPU
		Release|Any CPU = Release|Any CPU
	EndGlobalSection
	GlobalSection(ProjectConfigurationPlatforms) = postSolution
		{121D35FF-F4C3-49C2-B450-2A11CFA7396E}.Debug|Any CPU.ActiveCfg = Debug|Any CPU
		{121D35FF-F4C3-49C2-B450-2A11CFA7396E}.Debug|Any CPU.Build.0 = Debug|Any CPU
		{121D35FF-F4C3-49C2-B450-2A11CFA7396E}.Release|Any CPU.ActiveCfg = Release|Any CPU
		{121D35FF-F4C3-49C2-B450-2A11CFA7396E}.Release|Any CPU.Build.0 = Release|Any CPU
	EndGlobalSection
	GlobalSection(SolutionProperties) = preSolution
		HideSolutionNode = FALSE
	EndGlobalSection
	GlobalSection(ExtensibilityGlobals) = postSolution
		SolutionGuid = {68D800B6-835D-43F4-8C41-7A4F5DC0FF57}
	EndGlobalSection
EndGlobal
